
Microsoft Visual Studio Solution File, Format Version 12.00
# Visual Studio 2013
VisualStudioVersion = 12.0.30501.0
MinimumVisualStudioVersion = 10.0.40219.1
Project("{FAE04EC0-301F-11D3-BF4B-00C04F79EFBC}") = "Application", "Application\Application.csproj", "{FA8B9B27-F1A0-49CB-862E-6F055D635DA2}"
EndProject
Global
	GlobalSection(SolutionConfigurationPlatforms) = preSolution
		Debug|Any CPU = Debug|Any CPU
		Release|Any CPU = Release|Any CPU
	EndGlobalSection
	GlobalSection(ProjectConfigurationPlatforms) = postSolution
		{FA8B9B27-F1A0-49CB-862E-6F055D635DA2}.Debug|Any CPU.ActiveCfg = Debug|Any CPU
		{FA8B9B27-F1A0-49CB-862E-6F055D635DA2}.Debug|Any CPU.Build.0 = Debug|Any CPU
		{FA8B9B27-F1A0-49CB-862E-6F055D635DA2}.Release|Any CPU.ActiveCfg = Release|Any CPU
		{FA8B9B27-F1A0-49CB-862E-6F055D635DA2}.Release|Any CPU.Build.0 = Release|Any CPU
	EndGlobalSection
	GlobalSection(SolutionProperties) = preSolution
		HideSolutionNode = FALSE
	EndGlobalSection
EndGlobal
